
Microsoft Visual Studio Solution File, Format Version 12.00
# Visual Studio Version 17
VisualStudioVersion = 17.14.36603.0
MinimumVisualStudioVersion = 10.0.40219.1
Project("{2150E333-8FDC-42A3-9474-1A3956D46DE8}") = "01 TypesAndVariables", "01 TypesAndVariables", "{02EA681E-C7D8-13C7-8484-4AC65E1B71E8}"
EndProject
Project("{FAE04EC0-301F-11D3-BF4B-00C04F79EFBC}") = "Examples", "src\01 TypesAndVariables\Examples\Examples.csproj", "{3AEB4EF3-CEC2-4AEC-843F-B101108A6156}"
EndProject
Project("{2150E333-8FDC-42A3-9474-1A3956D46DE8}") = "02 Operators", "02 Operators", "{7DCD8438-7CAC-4078-A4C7-25B683F9EAF3}"
EndProject
Project("{FAE04EC0-301F-11D3-BF4B-00C04F79EFBC}") = "Examples", "src\02 Operators\Examples\Examples.csproj", "{A494CF76-492B-4360-912B-D03A33540DF4}"
EndProject
Project("{2150E333-8FDC-42A3-9474-1A3956D46DE8}") = "03 Strings", "03 Strings", "{535916AE-2245-4985-8E30-2510B0141C26}"
EndProject
Project("{2150E333-8FDC-42A3-9474-1A3956D46DE8}") = "04 Arrays", "04 Arrays", "{298DAC95-AAB9-41AA-B382-A5FA5944D9D7}"
EndProject
Project("{FAE04EC0-301F-11D3-BF4B-00C04F79EFBC}") = "Examples", "src\03 Strings\Examples\Examples.csproj", "{036035C2-5E88-4CEE-BC4D-3B970B1DE84F}"
EndProject
Project("{FAE04EC0-301F-11D3-BF4B-00C04F79EFBC}") = "Examples", "src\04 Arrays\Examples\Examples.csproj", "{27A3BA5D-E058-4F32-8B8B-C95FB18B784D}"
EndProject
Project("{2150E333-8FDC-42A3-9474-1A3956D46DE8}") = "05 ControlStatements", "05 ControlStatements", "{C29EBDAE-A917-4EDE-9A19-CF8226BAC918}"
EndProject
Project("{FAE04EC0-301F-11D3-BF4B-00C04F79EFBC}") = "Examples", "src\05 ControlStatements\Examples\Examples.csproj", "{A1B24DF6-95B6-4621-8E1A-243B265FD760}"
EndProject
Project("{2150E333-8FDC-42A3-9474-1A3956D46DE8}") = "06 Methods", "06 Methods", "{78824202-A311-454B-B066-6DAF96FACEEF}"
EndProject
Project("{FAE04EC0-301F-11D3-BF4B-00C04F79EFBC}") = "Examples", "src\06 Methods\Examples\Examples.csproj", "{B288005B-BED1-4F6B-9764-5CD1FC437DD2}"
EndProject
Project("{2150E333-8FDC-42A3-9474-1A3956D46DE8}") = "07 Classes", "07 Classes", "{67553990-7718-4C93-9FC2-3CE8F310FD34}"
EndProject
Project("{FAE04EC0-301F-11D3-BF4B-00C04F79EFBC}") = "Examples", "src\07 Classes\Examples\Examples.csproj", "{250FB849-F9E5-4D4E-A4F8-D8E719C40228}"
EndProject
Project("{2150E333-8FDC-42A3-9474-1A3956D46DE8}") = "08 Inheritance", "08 Inheritance", "{CB9C359D-9821-47E9-9150-334913B10150}"
EndProject
Project("{FAE04EC0-301F-11D3-BF4B-00C04F79EFBC}") = "Examples", "src\08 Inheritance\Examples\Examples.csproj", "{468E529D-7E52-4DCE-A696-61E9523D8A14}"
EndProject
Project("{2150E333-8FDC-42A3-9474-1A3956D46DE8}") = "09 AccessLevels", "09 AccessLevels", "{6DE3D581-DA8E-472D-8728-AC0F0F366D67}"
EndProject
Project("{FAE04EC0-301F-11D3-BF4B-00C04F79EFBC}") = "Examples", "src\09 AccessLevels\Examples\Examples.csproj", "{CDD18B9B-2D85-4882-9F09-2F015BCEA5E7}"
EndProject
Project("{FAE04EC0-301F-11D3-BF4B-00C04F79EFBC}") = "AnotherExamples", "src\09 AccessLevels\AnotherExamples\AnotherExamples.csproj", "{A435D9D5-817F-490C-9DF5-164B1768CEF3}"
EndProject
Project("{2150E333-8FDC-42A3-9474-1A3956D46DE8}") = "10 Static", "10 Static", "{E0F3595C-FFE4-4711-A4BC-85106566F01B}"
EndProject
Project("{FAE04EC0-301F-11D3-BF4B-00C04F79EFBC}") = "Examples", "src\10 Static\Examples\Examples.csproj", "{72EAF0EF-2D9F-46D0-AC30-5DA6FB3E14D2}"
EndProject
Project("{2150E333-8FDC-42A3-9474-1A3956D46DE8}") = "11 Interfaces", "11 Interfaces", "{070E4981-CD77-4D3B-A0F1-DF363A765916}"
EndProject
Project("{FAE04EC0-301F-11D3-BF4B-00C04F79EFBC}") = "Examples", "src\11 Interfaces\Examples\Examples.csproj", "{87F5B667-50DA-41B7-B534-821C3DCA5D57}"
EndProject
Project("{2150E333-8FDC-42A3-9474-1A3956D46DE8}") = "12 Abstract", "12 Abstract", "{F917A1B6-3694-4BBC-BB84-FD74AAE251C4}"
EndProject
Project("{FAE04EC0-301F-11D3-BF4B-00C04F79EFBC}") = "Examples", "src\12 Abstract\Examples\Examples.csproj", "{AA937777-317F-4268-B02A-2B29EC661205}"
EndProject
Project("{2150E333-8FDC-42A3-9474-1A3956D46DE8}") = "13 Namespaces", "13 Namespaces", "{318432E5-A7FF-4F1E-AC56-0836CBABC460}"
EndProject
Project("{FAE04EC0-301F-11D3-BF4B-00C04F79EFBC}") = "Examples", "src\13 Namespaces\Examples\Examples.csproj", "{C6A482BA-8A0A-4400-8B32-3CD3CD0BF627}"
EndProject
Project("{2150E333-8FDC-42A3-9474-1A3956D46DE8}") = "14 Properties", "14 Properties", "{7A96AEE4-7427-4CFF-9751-BF14EA859B09}"
EndProject
Project("{FAE04EC0-301F-11D3-BF4B-00C04F79EFBC}") = "Examples", "src\14 Properties\Examples\Examples.csproj", "{F1DE72E3-8614-45F0-8EB5-0A37F869E10A}"
EndProject
Project("{2150E333-8FDC-42A3-9474-1A3956D46DE8}") = "15 Indexers", "15 Indexers", "{9233906A-64F3-481F-A490-A149DF07299A}"
EndProject
Project("{FAE04EC0-301F-11D3-BF4B-00C04F79EFBC}") = "Examples", "src\15 Indexers\Examples\Examples.csproj", "{899E5EC9-EB1C-4E81-B447-9CA151E2B174}"
EndProject
Project("{2150E333-8FDC-42A3-9474-1A3956D46DE8}") = "16 Enums", "16 Enums", "{A1C4A5AD-2F88-4F0B-A740-2176C42356BD}"
EndProject
Project("{FAE04EC0-301F-11D3-BF4B-00C04F79EFBC}") = "Examples", "src\16 Enums\Examples\Examples.csproj", "{9A836298-2CC3-40DD-BA7A-97BB3BA760D3}"
EndProject
Project("{2150E333-8FDC-42A3-9474-1A3956D46DE8}") = "17 Structs", "17 Structs", "{6388F36B-24EC-4593-9D7C-EA62202AD27D}"
EndProject
Project("{FAE04EC0-301F-11D3-BF4B-00C04F79EFBC}") = "Examples", "src\17 Structs\Examples\Examples.csproj", "{3B983B4B-4D76-4ABF-940D-4C5E21A85F21}"
EndProject
Global
	GlobalSection(SolutionConfigurationPlatforms) = preSolution
		Debug|Any CPU = Debug|Any CPU
		Release|Any CPU = Release|Any CPU
	EndGlobalSection
	GlobalSection(ProjectConfigurationPlatforms) = postSolution
		{3AEB4EF3-CEC2-4AEC-843F-B101108A6156}.Debug|Any CPU.ActiveCfg = Debug|Any CPU
		{3AEB4EF3-CEC2-4AEC-843F-B101108A6156}.Debug|Any CPU.Build.0 = Debug|Any CPU
		{3AEB4EF3-CEC2-4AEC-843F-B101108A6156}.Release|Any CPU.ActiveCfg = Release|Any CPU
		{3AEB4EF3-CEC2-4AEC-843F-B101108A6156}.Release|Any CPU.Build.0 = Release|Any CPU
		{A494CF76-492B-4360-912B-D03A33540DF4}.Debug|Any CPU.ActiveCfg = Debug|Any CPU
		{A494CF76-492B-4360-912B-D03A33540DF4}.Debug|Any CPU.Build.0 = Debug|Any CPU
		{A494CF76-492B-4360-912B-D03A33540DF4}.Release|Any CPU.ActiveCfg = Release|Any CPU
		{A494CF76-492B-4360-912B-D03A33540DF4}.Release|Any CPU.Build.0 = Release|Any CPU
		{036035C2-5E88-4CEE-BC4D-3B970B1DE84F}.Debug|Any CPU.ActiveCfg = Debug|Any CPU
		{036035C2-5E88-4CEE-BC4D-3B970B1DE84F}.Debug|Any CPU.Build.0 = Debug|Any CPU
		{036035C2-5E88-4CEE-BC4D-3B970B1DE84F}.Release|Any CPU.ActiveCfg = Release|Any CPU
		{036035C2-5E88-4CEE-BC4D-3B970B1DE84F}.Release|Any CPU.Build.0 = Release|Any CPU
		{27A3BA5D-E058-4F32-8B8B-C95FB18B784D}.Debug|Any CPU.ActiveCfg = Debug|Any CPU
		{27A3BA5D-E058-4F32-8B8B-C95FB18B784D}.Debug|Any CPU.Build.0 = Debug|Any CPU
		{27A3BA5D-E058-4F32-8B8B-C95FB18B784D}.Release|Any CPU.ActiveCfg = Release|Any CPU
		{27A3BA5D-E058-4F32-8B8B-C95FB18B784D}.Release|Any CPU.Build.0 = Release|Any CPU
		{A1B24DF6-95B6-4621-8E1A-243B265FD760}.Debug|Any CPU.ActiveCfg = Debug|Any CPU
		{A1B24DF6-95B6-4621-8E1A-243B265FD760}.Debug|Any CPU.Build.0 = Debug|Any CPU
		{A1B24DF6-95B6-4621-8E1A-243B265FD760}.Release|Any CPU.ActiveCfg = Release|Any CPU
		{A1B24DF6-95B6-4621-8E1A-243B265FD760}.Release|Any CPU.Build.0 = Release|Any CPU
		{B288005B-BED1-4F6B-9764-5CD1FC437DD2}.Debug|Any CPU.ActiveCfg = Debug|Any CPU
		{B288005B-BED1-4F6B-9764-5CD1FC437DD2}.Debug|Any CPU.Build.0 = Debug|Any CPU
		{B288005B-BED1-4F6B-9764-5CD1FC437DD2}.Release|Any CPU.ActiveCfg = Release|Any CPU
		{B288005B-BED1-4F6B-9764-5CD1FC437DD2}.Release|Any CPU.Build.0 = Release|Any CPU
		{250FB849-F9E5-4D4E-A4F8-D8E719C40228}.Debug|Any CPU.ActiveCfg = Debug|Any CPU
		{250FB849-F9E5-4D4E-A4F8-D8E719C40228}.Debug|Any CPU.Build.0 = Debug|Any CPU
		{250FB849-F9E5-4D4E-A4F8-D8E719C40228}.Release|Any CPU.ActiveCfg = Release|Any CPU
		{250FB849-F9E5-4D4E-A4F8-D8E719C40228}.Release|Any CPU.Build.0 = Release|Any CPU
		{468E529D-7E52-4DCE-A696-61E9523D8A14}.Debug|Any CPU.ActiveCfg = Debug|Any CPU
		{468E529D-7E52-4DCE-A696-61E9523D8A14}.Debug|Any CPU.Build.0 = Debug|Any CPU
		{468E529D-7E52-4DCE-A696-61E9523D8A14}.Release|Any CPU.ActiveCfg = Release|Any CPU
		{468E529D-7E52-4DCE-A696-61E9523D8A14}.Release|Any CPU.Build.0 = Release|Any CPU
		{CDD18B9B-2D85-4882-9F09-2F015BCEA5E7}.Debug|Any CPU.ActiveCfg = Debug|Any CPU
		{CDD18B9B-2D85-4882-9F09-2F015BCEA5E7}.Debug|Any CPU.Build.0 = Debug|Any CPU
		{CDD18B9B-2D85-4882-9F09-2F015BCEA5E7}.Release|Any CPU.ActiveCfg = Release|Any CPU
		{CDD18B9B-2D85-4882-9F09-2F015BCEA5E7}.Release|Any CPU.Build.0 = Release|Any CPU
		{A435D9D5-817F-490C-9DF5-164B1768CEF3}.Debug|Any CPU.ActiveCfg = Debug|Any CPU
		{A435D9D5-817F-490C-9DF5-164B1768CEF3}.Debug|Any CPU.Build.0 = Debug|Any CPU
		{A435D9D5-817F-490C-9DF5-164B1768CEF3}.Release|Any CPU.ActiveCfg = Release|Any CPU
		{A435D9D5-817F-490C-9DF5-164B1768CEF3}.Release|Any CPU.Build.0 = Release|Any CPU
		{72EAF0EF-2D9F-46D0-AC30-5DA6FB3E14D2}.Debug|Any CPU.ActiveCfg = Debug|Any CPU
		{72EAF0EF-2D9F-46D0-AC30-5DA6FB3E14D2}.Debug|Any CPU.Build.0 = Debug|Any CPU
		{72EAF0EF-2D9F-46D0-AC30-5DA6FB3E14D2}.Release|Any CPU.ActiveCfg = Release|Any CPU
		{72EAF0EF-2D9F-46D0-AC30-5DA6FB3E14D2}.Release|Any CPU.Build.0 = Release|Any CPU
		{87F5B667-50DA-41B7-B534-821C3DCA5D57}.Debug|Any CPU.ActiveCfg = Debug|Any CPU
		{87F5B667-50DA-41B7-B534-821C3DCA5D57}.Debug|Any CPU.Build.0 = Debug|Any CPU
		{87F5B667-50DA-41B7-B534-821C3DCA5D57}.Release|Any CPU.ActiveCfg = Release|Any CPU
		{87F5B667-50DA-41B7-B534-821C3DCA5D57}.Release|Any CPU.Build.0 = Release|Any CPU
		{AA937777-317F-4268-B02A-2B29EC661205}.Debug|Any CPU.ActiveCfg = Debug|Any CPU
		{AA937777-317F-4268-B02A-2B29EC661205}.Debug|Any CPU.Build.0 = Debug|Any CPU
		{AA937777-317F-4268-B02A-2B29EC661205}.Release|Any CPU.ActiveCfg = Release|Any CPU
		{AA937777-317F-4268-B02A-2B29EC661205}.Release|Any CPU.Build.0 = Release|Any CPU
		{C6A482BA-8A0A-4400-8B32-3CD3CD0BF627}.Debug|Any CPU.ActiveCfg = Debug|Any CPU
		{C6A482BA-8A0A-4400-8B32-3CD3CD0BF627}.Debug|Any CPU.Build.0 = Debug|Any CPU
		{C6A482BA-8A0A-4400-8B32-3CD3CD0BF627}.Release|Any CPU.ActiveCfg = Release|Any CPU
		{C6A482BA-8A0A-4400-8B32-3CD3CD0BF627}.Release|Any CPU.Build.0 = Release|Any CPU
		{F1DE72E3-8614-45F0-8EB5-0A37F869E10A}.Debug|Any CPU.ActiveCfg = Debug|Any CPU
		{F1DE72E3-8614-45F0-8EB5-0A37F869E10A}.Debug|Any CPU.Build.0 = Debug|Any CPU
		{F1DE72E3-8614-45F0-8EB5-0A37F869E10A}.Release|Any CPU.ActiveCfg = Release|Any CPU
		{F1DE72E3-8614-45F0-8EB5-0A37F869E10A}.Release|Any CPU.Build.0 = Release|Any CPU
		{899E5EC9-EB1C-4E81-B447-9CA151E2B174}.Debug|Any CPU.ActiveCfg = Debug|Any CPU
		{899E5EC9-EB1C-4E81-B447-9CA151E2B174}.Debug|Any CPU.Build.0 = Debug|Any CPU
		{899E5EC9-EB1C-4E81-B447-9CA151E2B174}.Release|Any CPU.ActiveCfg = Release|Any CPU
		{899E5EC9-EB1C-4E81-B447-9CA151E2B174}.Release|Any CPU.Build.0 = Release|Any CPU
		{9A836298-2CC3-40DD-BA7A-97BB3BA760D3}.Debug|Any CPU.ActiveCfg = Debug|Any CPU
		{9A836298-2CC3-40DD-BA7A-97BB3BA760D3}.Debug|Any CPU.Build.0 = Debug|Any CPU
		{9A836298-2CC3-40DD-BA7A-97BB3BA760D3}.Release|Any CPU.ActiveCfg = Release|Any CPU
		{9A836298-2CC3-40DD-BA7A-97BB3BA760D3}.Release|Any CPU.Build.0 = Release|Any CPU
		{3B983B4B-4D76-4ABF-940D-4C5E21A85F21}.Debug|Any CPU.ActiveCfg = Debug|Any CPU
		{3B983B4B-4D76-4ABF-940D-4C5E21A85F21}.Debug|Any CPU.Build.0 = Debug|Any CPU
		{3B983B4B-4D76-4ABF-940D-4C5E21A85F21}.Release|Any CPU.ActiveCfg = Release|Any CPU
		{3B983B4B-4D76-4ABF-940D-4C5E21A85F21}.Release|Any CPU.Build.0 = Release|Any CPU
	EndGlobalSection
	GlobalSection(SolutionProperties) = preSolution
		HideSolutionNode = FALSE
	EndGlobalSection
	GlobalSection(NestedProjects) = preSolution
		{3AEB4EF3-CEC2-4AEC-843F-B101108A6156} = {02EA681E-C7D8-13C7-8484-4AC65E1B71E8}
		{A494CF76-492B-4360-912B-D03A33540DF4} = {7DCD8438-7CAC-4078-A4C7-25B683F9EAF3}
		{036035C2-5E88-4CEE-BC4D-3B970B1DE84F} = {535916AE-2245-4985-8E30-2510B0141C26}
		{27A3BA5D-E058-4F32-8B8B-C95FB18B784D} = {298DAC95-AAB9-41AA-B382-A5FA5944D9D7}
		{A1B24DF6-95B6-4621-8E1A-243B265FD760} = {C29EBDAE-A917-4EDE-9A19-CF8226BAC918}
		{B288005B-BED1-4F6B-9764-5CD1FC437DD2} = {78824202-A311-454B-B066-6DAF96FACEEF}
		{250FB849-F9E5-4D4E-A4F8-D8E719C40228} = {67553990-7718-4C93-9FC2-3CE8F310FD34}
		{468E529D-7E52-4DCE-A696-61E9523D8A14} = {CB9C359D-9821-47E9-9150-334913B10150}
		{CDD18B9B-2D85-4882-9F09-2F015BCEA5E7} = {6DE3D581-DA8E-472D-8728-AC0F0F366D67}
		{A435D9D5-817F-490C-9DF5-164B1768CEF3} = {6DE3D581-DA8E-472D-8728-AC0F0F366D67}
		{72EAF0EF-2D9F-46D0-AC30-5DA6FB3E14D2} = {E0F3595C-FFE4-4711-A4BC-85106566F01B}
		{87F5B667-50DA-41B7-B534-821C3DCA5D57} = {070E4981-CD77-4D3B-A0F1-DF363A765916}
		{AA937777-317F-4268-B02A-2B29EC661205} = {F917A1B6-3694-4BBC-BB84-FD74AAE251C4}
		{C6A482BA-8A0A-4400-8B32-3CD3CD0BF627} = {318432E5-A7FF-4F1E-AC56-0836CBABC460}
		{F1DE72E3-8614-45F0-8EB5-0A37F869E10A} = {7A96AEE4-7427-4CFF-9751-BF14EA859B09}
		{899E5EC9-EB1C-4E81-B447-9CA151E2B174} = {9233906A-64F3-481F-A490-A149DF07299A}
		{9A836298-2CC3-40DD-BA7A-97BB3BA760D3} = {A1C4A5AD-2F88-4F0B-A740-2176C42356BD}
		{3B983B4B-4D76-4ABF-940D-4C5E21A85F21} = {6388F36B-24EC-4593-9D7C-EA62202AD27D}
	EndGlobalSection
	GlobalSection(ExtensibilityGlobals) = postSolution
		SolutionGuid = {24E577BD-81F8-49FF-B3BF-85A63F17E8C6}
	EndGlobalSection
EndGlobal
